sing System.Numerics;

public class Item
{// 플레이어의 인벤토리 상태를 보여줌
    static void DisplayInventoryInfo()
    {
        Console.Clear();
        ("인벤토리").PrintWithColor(ConsoleColor.Yellow, true);
        Console.WriteLine("보유 중인 아이템을 관리할 수 있습니다.");
        Console.WriteLine();
        if (player.GetItemCount() == 0)
        {
            Console.WriteLine();
            Console.WriteLine("보유하고 있는 아이템이 없습니다!");
        }
        else
        {
            player.DisplayItemInventory(0);
            Console.WriteLine();

            ("1").PrintWithColor(ConsoleColor.Magenta, false); Console.WriteLine(". 장착 관리");
            ("2").PrintWithColor(ConsoleColor.Magenta, false); Console.WriteLine(". 아이템 정렬");
            ("0").PrintWithColor(ConsoleColor.Magenta, false); Console.WriteLine(". 나가기");
            Console.WriteLine();

            int select = GetPlayerSelect(0, 2);
            if (select == 0) startState = select;
            else if (select == 1) ManagementItemInventory();
            else ArrangeItemInventory();
        }
    }

}
